// !$*UTF8*$!
{
	archiveVersion = 1;
	classes = {
	};
	objectVersion = 46;
	objects = {

/* Begin PBXBuildFile section */
		BFCAF3EA1C91602F00A73FD1 /* StackLayout.m in Sources */ = {isa = PBXBuildFile; fileRef = BFCAF3E91C91602F00A73FD1 /* StackLayout.m */; };
		BFCAF3ED1C916B5400A73FD1 /* CircleLayout.m in Sources */ = {isa = PBXBuildFile; fileRef = BFCAF3EC1C916B5400A73FD1 /* CircleLayout.m */; };
		BFE47F5A1C8ECBCD00E4310B /* main.m in Sources */ = {isa = PBXBuildFile; fileRef = BFE47F591C8ECBCD00E4310B /* main.m */; };
		BFE47F5D1C8ECBCD00E4310B /* AppDelegate.m in Sources */ = {isa = PBXBuildFile; fileRef = BFE47F5C1C8ECBCD00E4310B /* AppDelegate.m */; };
		BFE47F601C8ECBCD00E4310B /* ViewController.m in Sources */ = {isa = PBXBuildFile; fileRef = BFE47F5F1C8ECBCD00E4310B /* ViewController.m */; };
		BFE47F631C8ECBCD00E4310B /* Main.storyboard in Resources */ = {isa = PBXBuildFile; fileRef = BFE47F611C8ECBCD00E4310B /* Main.storyboard */; };
		BFE47F651C8ECBCD00E4310B /* Assets.xcassets in Resources */ = {isa = PBXBuildFile; fileRef = BFE47F641C8ECBCD00E4310B /* Assets.xcassets */; };
		BFE47F681C8ECBCD00E4310B /* LaunchScreen.storyboard in Resources */ = {isa = PBXBuildFile; fileRef = BFE47F661C8ECBCD00E4310B /* LaunchScreen.storyboard */; };
		BFE47F721C8ECDDE00E4310B /* ImagesCell.m in Sources */ = {isa = PBXBuildFile; fileRef = BFE47F701C8ECDDE00E4310B /* ImagesCell.m */; };
		BFE47F731C8ECDDE00E4310B /* ImagesCell.xib in Resources */ = {isa = PBXBuildFile; fileRef = BFE47F711C8ECDDE00E4310B /* ImagesCell.xib */; };
		BFE47F771C8ED1E700E4310B /* LineLayout.m in Sources */ = {isa = PBXBuildFile; fileRef = BFE47F761C8ED1E700E4310B /* LineLayout.m */; };
/* End PBXBuildFile section */

/* Begin PBXFileReference section */
		BFCAF3E81C91602F00A73FD1 /* StackLayout.h */ = {isa = PBXFileReference; fileEncoding = 4; lastKnownFileType = sourcecode.c.h; path = StackLayout.h; sourceTree = "<group>"; };
		BFCAF3E91C91602F00A73FD1 /* StackLayout.m */ = {isa = PBXFileReference; fileEncoding = 4; lastKnownFileType = sourcecode.c.objc; path = StackLayout.m; sourceTree = "<group>"; };
		BFCAF3EB1C916B5400A73FD1 /* CircleLayout.h */ = {isa = PBXFileReference; fileEncoding = 4; lastKnownFileType = sourcecode.c.h; path = CircleLayout.h; sourceTree = "<group>"; };
		BFCAF3EC1C916B5400A73FD1 /* CircleLayout.m */ = {isa = PBXFileReference; fileEncoding = 4; lastKnownFileType = sourcecode.c.objc; path = CircleLayout.m; sourceTree = "<group>"; };
		BFE47F551C8ECBCD00E4310B /* 01_自定义collectionview布局.app */ = {isa = PBXFileReference; explicitFileType = wrapper.application; includeInIndex = 0; path = "01_自定义collectionview布局.app"; sourceTree = BUILT_PRODUCTS_DIR; };
		BFE47F591C8ECBCD00E4310B /* main.m */ = {isa = PBXFileReference; lastKnownFileType = sourcecode.c.objc; path = main.m; sourceTree = "<group>"; };
		BFE47F5B1C8ECBCD00E4310B /* AppDelegate.h */ = {isa = PBXFileReference; lastKnownFileType = sourcecode.c.h; path = AppDelegate.h; sourceTree = "<group>"; };
		BFE47F5C1C8ECBCD00E4310B /* AppDelegate.m */ = {isa = PBXFileReference; lastKnownFileType = sourcecode.c.objc; path = AppDelegate.m; sourceTree = "<group>"; };
		BFE47F5E1C8ECBCD00E4310B /* ViewController.h */ = {isa = PBXFileReference; lastKnownFileType = sourcecode.c.h; path = ViewController.h; sourceTree = "<group>"; };
		BFE47F5F1C8ECBCD00E4310B /* ViewController.m */ = {isa = PBXFileReference; lastKnownFileType = sourcecode.c.objc; path = ViewController.m; sourceTree = "<group>"; };
		BFE47F621C8ECBCD00E4310B /* Base */ = {isa = PBXFileReference; lastKnownFileType = file.storyboard; name = Base; path = Base.lproj/Main.storyboard; sourceTree = "<group>"; };
		BFE47F641C8ECBCD00E4310B /* Assets.xcassets */ = {isa = PBXFileReference; lastKnownFileType = folder.assetcatalog; path = Assets.xcassets; sourceTree = "<group>"; };
		BFE47F671C8ECBCD00E4310B /* Base */ = {isa = PBXFileReference; lastKnownFileType = file.storyboard; name = Base; path = Base.lproj/LaunchScreen.storyboard; sourceTree = "<group>"; };
		BFE47F691C8ECBCD00E4310B /* Info.plist */ = {isa = PBXFileReference; lastKnownFileType = text.plist.xml; path = Info.plist; sourceTree = "<group>"; };
		BFE47F6F1C8ECDDE00E4310B /* ImagesCell.h */ = {isa = PBXFileReference; fileEncoding = 4; lastKnownFileType = sourcecode.c.h; path = ImagesCell.h; sourceTree = "<group>"; };
		BFE47F701C8ECDDE00E4310B /* ImagesCell.m */ = {isa = PBXFileReference; fileEncoding = 4; lastKnownFileType = sourcecode.c.objc; path = ImagesCell.m; sourceTree = "<group>"; };
		BFE47F711C8ECDDE00E4310B /* ImagesCell.xib */ = {isa = PBXFileReference; fileEncoding = 4; lastKnownFileType = file.xib; path = ImagesCell.xib; sourceTree = "<group>"; };
		BFE47F751C8ED1E700E4310B /* LineLayout.h */ = {isa = PBXFileReference; fileEncoding = 4; lastKnownFileType = sourcecode.c.h; path = LineLayout.h; sourceTree = "<group>"; };
		BFE47F761C8ED1E700E4310B /* LineLayout.m */ = {isa = PBXFileReference; fileEncoding = 4; lastKnownFileType = sourcecode.c.objc; path = LineLayout.m; sourceTree = "<group>"; };
/* End PBXFileReference section */

/* Begin PBXFrameworksBuildPhase section */
		BFE47F521C8ECBCD00E4310B /* Frameworks */ = {
			isa = PBXFrameworksBuildPhase;
			buildActionMask = 2147483647;
			files = (
			);
			runOnlyForDeploymentPostprocessing = 0;
		};
/* End PBXFrameworksBuildPhase section */

/* Begin PBXGroup section */
		BFE47F4C1C8ECBCD00E4310B = {
			isa = PBXGroup;
			children = (
				BFE47F571C8ECBCD00E4310B /* 01_自定义collectionview布局 */,
				BFE47F561C8ECBCD00E4310B /* Products */,
			);
			sourceTree = "<group>";
		};
		BFE47F561C8ECBCD00E4310B /* Products */ = {
			isa = PBXGroup;
			children = (
				BFE47F551C8ECBCD00E4310B /* 01_自定义collectionview布局.app */,
			);
			name = Products;
			sourceTree = "<group>";
		};
		BFE47F571C8ECBCD00E4310B /* 01_自定义collectionview布局 */ = {
			isa = PBXGroup;
			children = (
				BFE47F741C8ED1C700E4310B /* UICollectionViewLayout */,
				BFE47F5B1C8ECBCD00E4310B /* AppDelegate.h */,
				BFE47F5C1C8ECBCD00E4310B /* AppDelegate.m */,
				BFE47F5E1C8ECBCD00E4310B /* ViewController.h */,
				BFE47F5F1C8ECBCD00E4310B /* ViewController.m */,
				BFE47F6F1C8ECDDE00E4310B /* ImagesCell.h */,
				BFE47F701C8ECDDE00E4310B /* ImagesCell.m */,
				BFE47F711C8ECDDE00E4310B /* ImagesCell.xib */,
				BFE47F611C8ECBCD00E4310B /* Main.storyboard */,
				BFE47F641C8ECBCD00E4310B /* Assets.xcassets */,
				BFE47F661C8ECBCD00E4310B /* LaunchScreen.storyboard */,
				BFE47F691C8ECBCD00E4310B /* Info.plist */,
				BFE47F581C8ECBCD00E4310B /* Supporting Files */,
			);
			path = "01_自定义collectionview布局";
			sourceTree = "<group>";
		};
		BFE47F581C8ECBCD00E4310B /* Supporting Files */ = {
			isa = PBXGroup;
			children = (
				BFE47F591C8ECBCD00E4310B /* main.m */,
			);
			name = "Supporting Files";
			sourceTree = "<group>";
		};
		BFE47F741C8ED1C700E4310B /* UICollectionViewLayout */ = {
			isa = PBXGroup;
			children = (
				BFE47F751C8ED1E700E4310B /* LineLayout.h */,
				BFE47F761C8ED1E700E4310B /* LineLayout.m */,
				BFCAF3E81C91602F00A73FD1 /* StackLayout.h */,
				BFCAF3E91C91602F00A73FD1 /* StackLayout.m */,
				BFCAF3EB1C916B5400A73FD1 /* CircleLayout.h */,
				BFCAF3EC1C916B5400A73FD1 /* CircleLayout.m */,
			);
			path = UICollectionViewLayout;
			sourceTree = "<group>";
		};
/* End PBXGroup section */

/* Begin PBXNativeTarget section */
		BFE47F541C8ECBCD00E4310B /* 01_自定义collectionview布局 */ = {
			isa = PBXNativeTarget;
			buildConfigurationList = BFE47F6C1C8ECBCD00E4310B /* Build configuration list for PBXNativeTarget "01_自定义collectionview布局" */;
			buildPhases = (
				BFE47F511C8ECBCD00E4310B /* Sources */,
				BFE47F521C8ECBCD00E4310B /* Frameworks */,
				BFE47F531C8ECBCD00E4310B /* Resources */,
			);
			buildRules = (
			);
			dependencies = (
			);
			name = "01_自定义collectionview布局";
			productName = "01_自定义collectionview布局";
			productReference = BFE47F551C8ECBCD00E4310B /* 01_自定义collectionview布局.app */;
			productType = "com.apple.product-type.application";
		};
/* End PBXNativeTarget section */

/* Begin PBXProject section */
		BFE47F4D1C8ECBCD00E4310B /* Project object */ = {
			isa = PBXProject;
			attributes = {
				LastUpgradeCheck = 0720;
				ORGANIZATIONNAME = Jimmy;
				TargetAttributes = {
					BFE47F541C8ECBCD00E4310B = {
						CreatedOnToolsVersion = 7.2;
					};
				};
			};
			buildConfigurationList = BFE47F501C8ECBCD00E4310B /* Build configuration list for PBXProject "01_自定义collectionview布局" */;
			compatibilityVersion = "Xcode 3.2";
			developmentRegion = English;
			hasScannedForEncodings = 0;
			knownRegions = (
				en,
				Base,
			);
			mainGroup = BFE47F4C1C8ECBCD00E4310B;
			productRefGroup = BFE47F561C8ECBCD00E4310B /* Products */;
			projectDirPath = "";
			projectRoot = "";
			targets = (
				BFE47F541C8ECBCD00E4310B /* 01_自定义collectionview布局 */,
			);
		};
/* End PBXProject section */

/* Begin PBXResourcesBuildPhase section */
		BFE47F531C8ECBCD00E4310B /* Resources */ = {
			isa = PBXResourcesBuildPhase;
			buildActionMask = 2147483647;
			files = (
				BFE47F681C8ECBCD00E4310B /* LaunchScreen.storyboard in Resources */,
				BFE47F731C8ECDDE00E4310B /* ImagesCell.xib in Resources */,
				BFE47F651C8ECBCD00E4310B /* Assets.xcassets in Resources */,
				BFE47F631C8ECBCD00E4310B /* Main.storyboard in Resources */,
			);
			runOnlyForDeploymentPostprocessing = 0;
		};
/* End PBXResourcesBuildPhase section */

/* Begin PBXSourcesBuildPhase section */
		BFE47F511C8ECBCD00E4310B /* Sources */ = {
			isa = PBXSourcesBuildPhase;
			buildActionMask = 2147483647;
			files = (
				BFCAF3ED1C916B5400A73FD1 /* CircleLayout.m in Sources */,
				BFE47F601C8ECBCD00E4310B /* ViewController.m in Sources */,
				BFE47F721C8ECDDE00E4310B /* ImagesCell.m in Sources */,
				BFE47F5D1C8ECBCD00E4310B /* AppDelegate.m in Sources */,
				BFE47F771C8ED1E700E4310B /* LineLayout.m in Sources */,
				BFCAF3EA1C91602F00A73FD1 /* StackLayout.m in Sources */,
				BFE47F5A1C8ECBCD00E4310B /* main.m in Sources */,
			);
			runOnlyForDeploymentPostprocessing = 0;
		};
/* End PBXSourcesBuildPhase section */

/* Begin PBXVariantGroup section */
		BFE47F611C8ECBCD00E4310B /* Main.storyboard */ = {
			isa = PBXVariantGroup;
			children = (
				BFE47F621C8ECBCD00E4310B /* Base */,
			);
			name = Main.storyboard;
			sourceTree = "<group>";
		};
		BFE47F661C8ECBCD00E4310B /* LaunchScreen.storyboard */ = {
			isa = PBXVariantGroup;
			children = (
				BFE47F671C8ECBCD00E4310B /* Base */,
			);
			name = LaunchScreen.storyboard;
			sourceTree = "<group>";
		};
/* End PBXVariantGroup section */

/* Begin XCBuildConfiguration section */
		BFE47F6A1C8ECBCD00E4310B /* Debug */ = {
			isa = XCBuildConfiguration;
			buildSettings = {
				ALWAYS_SEARCH_USER_PATHS = NO;
				CLANG_CXX_LANGUAGE_STANDARD = "gnu++0x";
				CLANG_CXX_LIBRARY = "libc++";
				CLANG_ENABLE_MODULES = YES;
				CLANG_ENABLE_OBJC_ARC = YES;
				CLANG_WARN_BOOL_CONVERSION = YES;
				CLANG_WARN_CONSTANT_CONVERSION = YES;
				CLANG_WARN_DIRECT_OBJC_ISA_USAGE = YES_ERROR;
				CLANG_WARN_EMPTY_BODY = YES;
				CLANG_WARN_ENUM_CONVERSION = YES;
				CLANG_WARN_INT_CONVERSION = YES;
				CLANG_WARN_OBJC_ROOT_CLASS = YES_ERROR;
				CLANG_WARN_UNREACHABLE_CODE = YES;
				CLANG_WARN__DUPLICATE_METHOD_MATCH = YES;
				"CODE_SIGN_IDENTITY[sdk=iphoneos*]" = "iPhone Developer";
				COPY_PHASE_STRIP = NO;
				DEBUG_INFORMATION_FORMAT = dwarf;
				ENABLE_STRICT_OBJC_MSGSEND = YES;
				ENABLE_TESTABILITY = YES;
				GCC_C_LANGUAGE_STANDARD = gnu99;
				GCC_DYNAMIC_NO_PIC = NO;
				GCC_NO_COMMON_BLOCKS = YES;
				GCC_OPTIMIZATION_LEVEL = 0;
				GCC_PREPROCESSOR_DEFINITIONS = (
					"DEBUG=1",
					"$(inherited)",
				);
				GCC_WARN_64_TO_32_BIT_CONVERSION = YES;
				GCC_WARN_ABOUT_RETURN_TYPE = YES_ERROR;
				GCC_WARN_UNDECLARED_SELECTOR = YES;
				GCC_WARN_UNINITIALIZED_AUTOS = YES_AGGRESSIVE;
				GCC_WARN_UNUSED_FUNCTION = YES;
				GCC_WARN_UNUSED_VARIABLE = YES;
				IPHONEOS_DEPLOYMENT_TARGET = 9.2;
				MTL_ENABLE_DEBUG_INFO = YES;
				ONLY_ACTIVE_ARCH = YES;
				SDKROOT = iphoneos;
			};
			name = Debug;
		};
		BFE47F6B1C8ECBCD00E4310B /* Release */ = {
			isa = XCBuildConfiguration;
			buildSettings = {
				ALWAYS_SEARCH_USER_PATHS = NO;
				CLANG_CXX_LANGUAGE_STANDARD = "gnu++0x";
				CLANG_CXX_LIBRARY = "libc++";
				CLANG_ENABLE_MODULES = YES;
				CLANG_ENABLE_OBJC_ARC = YES;
				CLANG_WARN_BOOL_CONVERSION = YES;
				CLANG_WARN_CONSTANT_CONVERSION = YES;
				CLANG_WARN_DIRECT_OBJC_ISA_USAGE = YES_ERROR;
				CLANG_WARN_EMPTY_BODY = YES;
				CLANG_WARN_ENUM_CONVERSION = YES;
				CLANG_WARN_INT_CONVERSION = YES;
				CLANG_WARN_OBJC_ROOT_CLASS = YES_ERROR;
				CLANG_WARN_UNREACHABLE_CODE = YES;
				CLANG_WARN__DUPLICATE_METHOD_MATCH = YES;
				"CODE_SIGN_IDENTITY[sdk=iphoneos*]" = "iPhone Developer";
				COPY_PHASE_STRIP = NO;
				DEBUG_INFORMATION_FORMAT = "dwarf-with-dsym";
				ENABLE_NS_ASSERTIONS = NO;
				ENABLE_STRICT_OBJC_MSGSEND = YES;
				GCC_C_LANGUAGE_STANDARD = gnu99;
				GCC_NO_COMMON_BLOCKS = YES;
				GCC_WARN_64_TO_32_BIT_CONVERSION = YES;
				GCC_WARN_ABOUT_RETURN_TYPE = YES_ERROR;
				GCC_WARN_UNDECLARED_SELECTOR = YES;
				GCC_WARN_UNINITIALIZED_AUTOS = YES_AGGRESSIVE;
				GCC_WARN_UNUSED_FUNCTION = YES;
				GCC_WARN_UNUSED_VARIABLE = YES;
				IPHONEOS_DEPLOYMENT_TARGET = 9.2;
				MTL_ENABLE_DEBUG_INFO = NO;
				SDKROOT = iphoneos;
				VALIDATE_PRODUCT = YES;
			};
			name = Release;
		};
		BFE47F6D1C8ECBCD00E4310B /* Debug */ = {
			isa = XCBuildConfiguration;
			buildSettings = {
				ASSETCATALOG_COMPILER_APPICON_NAME = AppIcon;
				"CODE_SIGN_IDENTITY[sdk=iphoneos*]" = "iPhone Developer: Keng Po Ieong (9DB5UD6M5C)";
				INFOPLIST_FILE = "01_自定义collectionview布局/Info.plist";
				LD_RUNPATH_SEARCH_PATHS = "$(inherited) @executable_path/Frameworks";
				PRODUCT_BUNDLE_IDENTIFIER = "com.hdcircles.-1----collectionview--";
				PRODUCT_NAME = "$(TARGET_NAME)";
			};
			name = Debug;
		};
		BFE47F6E1C8ECBCD00E4310B /* Release */ = {
			isa = XCBuildConfiguration;
			buildSettings = {
				ASSETCATALOG_COMPILER_APPICON_NAME = AppIcon;
				"CODE_SIGN_IDENTITY[sdk=iphoneos*]" = "iPhone Developer: Keng Po Ieong (9DB5UD6M5C)";
				INFOPLIST_FILE = "01_自定义collectionview布局/Info.plist";
				LD_RUNPATH_SEARCH_PATHS = "$(inherited) @executable_path/Frameworks";
				PRODUCT_BUNDLE_IDENTIFIER = "com.hdcircles.-1----collectionview--";
				PRODUCT_NAME = "$(TARGET_NAME)";
			};
			name = Release;
		};
/* End XCBuildConfiguration section */

/* Begin XCConfigurationList section */
		BFE47F501C8ECBCD00E4310B /* Build configuration list for PBXProject "01_自定义collectionview布局" */ = {
			isa = XCConfigurationList;
			buildConfigurations = (
				BFE47F6A1C8ECBCD00E4310B /* Debug */,
				BFE47F6B1C8ECBCD00E4310B /* Release */,
			);
			defaultConfigurationIsVisible = 0;
			defaultConfigurationName = Release;
		};
		BFE47F6C1C8ECBCD00E4310B /* Build configuration list for PBXNativeTarget "01_自定义collectionview布局" */ = {
			isa = XCConfigurationList;
			buildConfigurations = (
				BFE47F6D1C8ECBCD00E4310B /* Debug */,
				BFE47F6E1C8ECBCD00E4310B /* Release */,
			);
			defaultConfigurationIsVisible = 0;
			defaultConfigurationName = Release;
		};
/* End XCConfigurationList section */
	};
	rootObject = BFE47F4D1C8ECBCD00E4310B /* Project object */;
}
